
Microsoft Visual Studio Solution File, Format Version 12.00
# Blend for Visual Studio Version 17
VisualStudioVersion = 17.3.32929.385
MinimumVisualStudioVersion = 10.0.40219.1
Project("{FAE04EC0-301F-11D3-BF4B-00C04F79EFBC}") = "ITCS 3112 ICON Character Creator", "ITCS 3112 ICON Character Creator\ITCS 3112 ICON Character Creator.csproj", "{F410247E-BFE1-4682-867D-D14A0E9AA583}"
EndProject
Global
	GlobalSection(SolutionConfigurationPlatforms) = preSolution
		Debug|Any CPU = Debug|Any CPU
		Release|Any CPU = Release|Any CPU
	EndGlobalSection
	GlobalSection(ProjectConfigurationPlatforms) = postSolution
		{F410247E-BFE1-4682-867D-D14A0E9AA583}.Debug|Any CPU.ActiveCfg = Debug|Any CPU
		{F410247E-BFE1-4682-867D-D14A0E9AA583}.Debug|Any CPU.Build.0 = Debug|Any CPU
		{F410247E-BFE1-4682-867D-D14A0E9AA583}.Release|Any CPU.ActiveCfg = Release|Any CPU
		{F410247E-BFE1-4682-867D-D14A0E9AA583}.Release|Any CPU.Build.0 = Release|Any CPU
	EndGlobalSection
	GlobalSection(SolutionProperties) = preSolution
		HideSolutionNode = FALSE
	EndGlobalSection
	GlobalSection(ExtensibilityGlobals) = postSolution
		SolutionGuid = {7B2D4748-E5FD-4848-B43E-3EC2EB8929B9}
	EndGlobalSection
EndGlobal
